
Microsoft Visual Studio Solution File, Format Version 12.00
# Visual Studio Version 17
VisualStudioVersion = 17.13.35931.197 d17.13
MinimumVisualStudioVersion = 10.0.40219.1
Project("{FAE04EC0-301F-11D3-BF4B-00C04F79EFBC}") = "MusicWebAPI", "MusicWebAPI.csproj", "{D7AB61A5-397F-4A33-909F-1AF298C7BB3A}"
EndProject
Global
	GlobalSection(SolutionConfigurationPlatforms) = preSolution
		Debug|Any CPU = Debug|Any CPU
		Release|Any CPU = Release|Any CPU
	EndGlobalSection
	GlobalSection(ProjectConfigurationPlatforms) = postSolution
		{D7AB61A5-397F-4A33-909F-1AF298C7BB3A}.Debug|Any CPU.ActiveCfg = Debug|Any CPU
		{D7AB61A5-397F-4A33-909F-1AF298C7BB3A}.Debug|Any CPU.Build.0 = Debug|Any CPU
		{D7AB61A5-397F-4A33-909F-1AF298C7BB3A}.Release|Any CPU.ActiveCfg = Release|Any CPU
		{D7AB61A5-397F-4A33-909F-1AF298C7BB3A}.Release|Any CPU.Build.0 = Release|Any CPU
	EndGlobalSection
	GlobalSection(SolutionProperties) = preSolution
		HideSolutionNode = FALSE
	EndGlobalSection
	GlobalSection(ExtensibilityGlobals) = postSolution
		SolutionGuid = {B0AF176E-D144-4A24-8A88-7A14B01AEC1B}
	EndGlobalSection
EndGlobal
